
Microsoft Visual Studio Solution File, Format Version 12.00
# Visual Studio Version 17
VisualStudioVersion = 17.0.31903.59
MinimumVisualStudioVersion = 10.0.40219.1
Project("{FAE04EC0-301F-11D3-BF4B-00C04F79EFBC}") = "Zadanie13", "Zadanie13\Zadanie13.csproj", "{43711F63-6F94-4AFC-88B1-FAE9B7021F4F}"
EndProject
Global
	GlobalSection(SolutionConfigurationPlatforms) = preSolution
		Debug|Any CPU = Debug|Any CPU
		Release|Any CPU = Release|Any CPU
	EndGlobalSection
	GlobalSection(ProjectConfigurationPlatforms) = postSolution
		{43711F63-6F94-4AFC-88B1-FAE9B7021F4F}.Debug|Any CPU.ActiveCfg = Debug|Any CPU
		{43711F63-6F94-4AFC-88B1-FAE9B7021F4F}.Debug|Any CPU.Build.0 = Debug|Any CPU
		{43711F63-6F94-4AFC-88B1-FAE9B7021F4F}.Release|Any CPU.ActiveCfg = Release|Any CPU
		{43711F63-6F94-4AFC-88B1-FAE9B7021F4F}.Release|Any CPU.Build.0 = Release|Any CPU
	EndGlobalSection
	GlobalSection(SolutionProperties) = preSolution
		HideSolutionNode = FALSE
	EndGlobalSection
	GlobalSection(ExtensibilityGlobals) = postSolution
		SolutionGuid = {74C039B9-AAFD-4695-BA72-9846C15C0840}
	EndGlobalSection
EndGlobal
